
Microsoft Visual Studio Solution File, Format Version 12.00
# Visual Studio 15
VisualStudioVersion = 15.0.27703.2047
MinimumVisualStudioVersion = 10.0.40219.1
Project("{FAE04EC0-301F-11D3-BF4B-00C04F79EFBC}") = "ex-03", "ex-03\ex-03.csproj", "{143C02CC-2464-4A4B-9653-EDF9EDE4B71F}"
EndProject
Global
	GlobalSection(SolutionConfigurationPlatforms) = preSolution
		Debug|Any CPU = Debug|Any CPU
		Release|Any CPU = Release|Any CPU
	EndGlobalSection
	GlobalSection(ProjectConfigurationPlatforms) = postSolution
		{143C02CC-2464-4A4B-9653-EDF9EDE4B71F}.Debug|Any CPU.ActiveCfg = Debug|Any CPU
		{143C02CC-2464-4A4B-9653-EDF9EDE4B71F}.Debug|Any CPU.Build.0 = Debug|Any CPU
		{143C02CC-2464-4A4B-9653-EDF9EDE4B71F}.Release|Any CPU.ActiveCfg = Release|Any CPU
		{143C02CC-2464-4A4B-9653-EDF9EDE4B71F}.Release|Any CPU.Build.0 = Release|Any CPU
	EndGlobalSection
	GlobalSection(SolutionProperties) = preSolution
		HideSolutionNode = FALSE
	EndGlobalSection
	GlobalSection(ExtensibilityGlobals) = postSolution
		SolutionGuid = {0DBC90AC-35B4-4BE1-8016-09F5B58D8EC2}
	EndGlobalSection
EndGlobal
