
Microsoft Visual Studio Solution File, Format Version 12.00
# Visual Studio 15
VisualStudioVersion = 15.0.28307.102
MinimumVisualStudioVersion = 10.0.40219.1
Project("{FAE04EC0-301F-11D3-BF4B-00C04F79EFBC}") = "ex-1", "ex-1\ex-1.csproj", "{2CA2511E-21C4-488F-934C-7D4BBC5E65FD}"
EndProject
Global
	GlobalSection(SolutionConfigurationPlatforms) = preSolution
		Debug|Any CPU = Debug|Any CPU
		Release|Any CPU = Release|Any CPU
	EndGlobalSection
	GlobalSection(ProjectConfigurationPlatforms) = postSolution
		{2CA2511E-21C4-488F-934C-7D4BBC5E65FD}.Debug|Any CPU.ActiveCfg = Debug|Any CPU
		{2CA2511E-21C4-488F-934C-7D4BBC5E65FD}.Debug|Any CPU.Build.0 = Debug|Any CPU
		{2CA2511E-21C4-488F-934C-7D4BBC5E65FD}.Release|Any CPU.ActiveCfg = Release|Any CPU
		{2CA2511E-21C4-488F-934C-7D4BBC5E65FD}.Release|Any CPU.Build.0 = Release|Any CPU
	EndGlobalSection
	GlobalSection(SolutionProperties) = preSolution
		HideSolutionNode = FALSE
	EndGlobalSection
	GlobalSection(ExtensibilityGlobals) = postSolution
		SolutionGuid = {CC49E5C5-9175-41A7-A916-4DF5BF26A886}
	EndGlobalSection
EndGlobal
